
Microsoft Visual Studio Solution File, Format Version 12.00
# Visual Studio Version 16
VisualStudioVersion = 16.0.30503.244
MinimumVisualStudioVersion = 10.0.40219.1
Project("{FAE04EC0-301F-11D3-BF4B-00C04F79EFBC}") = "Drofsnar the Bird-Man", "Drofsnar the Bird-Man\Drofsnar the Bird-Man.csproj", "{67E0076C-2DB6-4BD7-8484-AAB0219EDE01}"
EndProject
Global
	GlobalSection(SolutionConfigurationPlatforms) = preSolution
		Debug|Any CPU = Debug|Any CPU
		Release|Any CPU = Release|Any CPU
	EndGlobalSection
	GlobalSection(ProjectConfigurationPlatforms) = postSolution
		{67E0076C-2DB6-4BD7-8484-AAB0219EDE01}.Debug|Any CPU.ActiveCfg = Debug|Any CPU
		{67E0076C-2DB6-4BD7-8484-AAB0219EDE01}.Debug|Any CPU.Build.0 = Debug|Any CPU
		{67E0076C-2DB6-4BD7-8484-AAB0219EDE01}.Release|Any CPU.ActiveCfg = Release|Any CPU
		{67E0076C-2DB6-4BD7-8484-AAB0219EDE01}.Release|Any CPU.Build.0 = Release|Any CPU
	EndGlobalSection
	GlobalSection(SolutionProperties) = preSolution
		HideSolutionNode = FALSE
	EndGlobalSection
	GlobalSection(ExtensibilityGlobals) = postSolution
		SolutionGuid = {887DF92F-58A4-4555-8D01-86738103950C}
	EndGlobalSection
EndGlobal
